// !$*UTF8*$!
{
	archiveVersion = 1;
	classes = {
	};
	objectVersion = 56;
	objects = {

/* Begin PBXBuildFile section */
		DE99464529F22BCD00586A23 /* Learning_App.swift in Sources */ = {isa = PBXBuildFile; fileRef = DE99464429F22BCD00586A23 /* Learning_App.swift */; };
		DE99464729F22BCD00586A23 /* HomeView.swift in Sources */ = {isa = PBXBuildFile; fileRef = DE99464629F22BCD00586A23 /* HomeView.swift */; };
		DE99464929F22BCD00586A23 /* Assets.xcassets in Resources */ = {isa = PBXBuildFile; fileRef = DE99464829F22BCD00586A23 /* Assets.xcassets */; };
		DE99464C29F22BCD00586A23 /* Preview Assets.xcassets in Resources */ = {isa = PBXBuildFile; fileRef = DE99464B29F22BCD00586A23 /* Preview Assets.xcassets */; };
		DE99465929F22CD600586A23 /* Models.swift in Sources */ = {isa = PBXBuildFile; fileRef = DE99465829F22CD600586A23 /* Models.swift */; };
		DE99465B29F22CED00586A23 /* ContentModel.swift in Sources */ = {isa = PBXBuildFile; fileRef = DE99465A29F22CED00586A23 /* ContentModel.swift */; };
		DE99465F29F22D9500586A23 /* style.html in Resources */ = {isa = PBXBuildFile; fileRef = DE99465C29F22D9500586A23 /* style.html */; };
		DE99466029F22D9500586A23 /* Constants.swift in Sources */ = {isa = PBXBuildFile; fileRef = DE99465D29F22D9500586A23 /* Constants.swift */; };
		DE99466129F22D9500586A23 /* data.json in Resources */ = {isa = PBXBuildFile; fileRef = DE99465E29F22D9500586A23 /* data.json */; };
		DE99466429F3752300586A23 /* RectangleCard.swift in Sources */ = {isa = PBXBuildFile; fileRef = DE99466329F3752300586A23 /* RectangleCard.swift */; };
		DE99466629F3756900586A23 /* HomeViewRow.swift in Sources */ = {isa = PBXBuildFile; fileRef = DE99466529F3756900586A23 /* HomeViewRow.swift */; };
		DE99466A29F47B0400586A23 /* ContentView.swift in Sources */ = {isa = PBXBuildFile; fileRef = DE99466929F47B0400586A23 /* ContentView.swift */; };
		DE99466C29F47B1200586A23 /* ContentViewRow.swift in Sources */ = {isa = PBXBuildFile; fileRef = DE99466B29F47B1200586A23 /* ContentViewRow.swift */; };
		DE99466E29F47B2300586A23 /* ContentViewDetail.swift in Sources */ = {isa = PBXBuildFile; fileRef = DE99466D29F47B2300586A23 /* ContentViewDetail.swift */; };
		DE99467029F47B3400586A23 /* TestView.swift in Sources */ = {isa = PBXBuildFile; fileRef = DE99466F29F47B3400586A23 /* TestView.swift */; };
		DE99467229F47B4700586A23 /* TestViewResult.swift in Sources */ = {isa = PBXBuildFile; fileRef = DE99467129F47B4700586A23 /* TestViewResult.swift */; };
		DE99467429F47BBA00586A23 /* TextViewCode.swift in Sources */ = {isa = PBXBuildFile; fileRef = DE99467329F47BBA00586A23 /* TextViewCode.swift */; };
		DE99467629F8470300586A23 /* CustomButton.swift in Sources */ = {isa = PBXBuildFile; fileRef = DE99467529F8470300586A23 /* CustomButton.swift */; };
/* End PBXBuildFile section */

/* Begin PBXFileReference section */
		DE99464129F22BCD00586A23 /* Learning App.app */ = {isa = PBXFileReference; explicitFileType = wrapper.application; includeInIndex = 0; path = "Learning App.app"; sourceTree = BUILT_PRODUCTS_DIR; };
		DE99464429F22BCD00586A23 /* Learning_App.swift */ = {isa = PBXFileReference; lastKnownFileType = sourcecode.swift; path = Learning_App.swift; sourceTree = "<group>"; };
		DE99464629F22BCD00586A23 /* HomeView.swift */ = {isa = PBXFileReference; lastKnownFileType = sourcecode.swift; path = HomeView.swift; sourceTree = "<group>"; };
		DE99464829F22BCD00586A23 /* Assets.xcassets */ = {isa = PBXFileReference; lastKnownFileType = folder.assetcatalog; path = Assets.xcassets; sourceTree = "<group>"; };
		DE99464B29F22BCD00586A23 /* Preview Assets.xcassets */ = {isa = PBXFileReference; lastKnownFileType = folder.assetcatalog; path = "Preview Assets.xcassets"; sourceTree = "<group>"; };
		DE99465829F22CD600586A23 /* Models.swift */ = {isa = PBXFileReference; lastKnownFileType = sourcecode.swift; path = Models.swift; sourceTree = "<group>"; };
		DE99465A29F22CED00586A23 /* ContentModel.swift */ = {isa = PBXFileReference; lastKnownFileType = sourcecode.swift; path = ContentModel.swift; sourceTree = "<group>"; };
		DE99465C29F22D9500586A23 /* style.html */ = {isa = PBXFileReference; fileEncoding = 4; lastKnownFileType = text.html; path = style.html; sourceTree = "<group>"; };
		DE99465D29F22D9500586A23 /* Constants.swift */ = {isa = PBXFileReference; fileEncoding = 4; lastKnownFileType = sourcecode.swift; path = Constants.swift; sourceTree = "<group>"; };
		DE99465E29F22D9500586A23 /* data.json */ = {isa = PBXFileReference; fileEncoding = 4; lastKnownFileType = text.json; path = data.json; sourceTree = "<group>"; };
		DE99466329F3752300586A23 /* RectangleCard.swift */ = {isa = PBXFileReference; lastKnownFileType = sourcecode.swift; path = RectangleCard.swift; sourceTree = "<group>"; };
		DE99466529F3756900586A23 /* HomeViewRow.swift */ = {isa = PBXFileReference; lastKnownFileType = sourcecode.swift; path = HomeViewRow.swift; sourceTree = "<group>"; };
		DE99466929F47B0400586A23 /* ContentView.swift */ = {isa = PBXFileReference; lastKnownFileType = sourcecode.swift; path = ContentView.swift; sourceTree = "<group>"; };
		DE99466B29F47B1200586A23 /* ContentViewRow.swift */ = {isa = PBXFileReference; lastKnownFileType = sourcecode.swift; path = ContentViewRow.swift; sourceTree = "<group>"; };
		DE99466D29F47B2300586A23 /* ContentViewDetail.swift */ = {isa = PBXFileReference; lastKnownFileType = sourcecode.swift; path = ContentViewDetail.swift; sourceTree = "<group>"; };
		DE99466F29F47B3400586A23 /* TestView.swift */ = {isa = PBXFileReference; lastKnownFileType = sourcecode.swift; path = TestView.swift; sourceTree = "<group>"; };
		DE99467129F47B4700586A23 /* TestViewResult.swift */ = {isa = PBXFileReference; lastKnownFileType = sourcecode.swift; path = TestViewResult.swift; sourceTree = "<group>"; };
		DE99467329F47BBA00586A23 /* TextViewCode.swift */ = {isa = PBXFileReference; lastKnownFileType = sourcecode.swift; path = TextViewCode.swift; sourceTree = "<group>"; };
		DE99467529F8470300586A23 /* CustomButton.swift */ = {isa = PBXFileReference; lastKnownFileType = sourcecode.swift; path = CustomButton.swift; sourceTree = "<group>"; };
/* End PBXFileReference section */

/* Begin PBXFrameworksBuildPhase section */
		DE99463E29F22BCD00586A23 /* Frameworks */ = {
			isa = PBXFrameworksBuildPhase;
			buildActionMask = 2147483647;
			files = (
			);
			runOnlyForDeploymentPostprocessing = 0;
		};
/* End PBXFrameworksBuildPhase section */

/* Begin PBXGroup section */
		DE99463829F22BCC00586A23 = {
			isa = PBXGroup;
			children = (
				DE99464329F22BCD00586A23 /* Learning App */,
				DE99464229F22BCD00586A23 /* Products */,
			);
			sourceTree = "<group>";
		};
		DE99464229F22BCD00586A23 /* Products */ = {
			isa = PBXGroup;
			children = (
				DE99464129F22BCD00586A23 /* Learning App.app */,
			);
			name = Products;
			sourceTree = "<group>";
		};
		DE99464329F22BCD00586A23 /* Learning App */ = {
			isa = PBXGroup;
			children = (
				DE99464429F22BCD00586A23 /* Learning_App.swift */,
				DE99466229F374D900586A23 /* Custom Views */,
				DE99465229F22C0700586A23 /* Views */,
				DE99465429F22C1C00586A23 /* ViewModels */,
				DE99465329F22C1600586A23 /* Models */,
				DE99465529F22C8900586A23 /* Resources */,
				DE99464829F22BCD00586A23 /* Assets.xcassets */,
				DE99464A29F22BCD00586A23 /* Preview Content */,
			);
			path = "Learning App";
			sourceTree = "<group>";
		};
		DE99464A29F22BCD00586A23 /* Preview Content */ = {
			isa = PBXGroup;
			children = (
				DE99464B29F22BCD00586A23 /* Preview Assets.xcassets */,
			);
			path = "Preview Content";
			sourceTree = "<group>";
		};
		DE99465229F22C0700586A23 /* Views */ = {
			isa = PBXGroup;
			children = (
				DE99464629F22BCD00586A23 /* HomeView.swift */,
				DE99466529F3756900586A23 /* HomeViewRow.swift */,
				DE99466729F3756D00586A23 /* Content Views */,
				DE99466829F3758B00586A23 /* Test Views */,
			);
			path = Views;
			sourceTree = "<group>";
		};
		DE99465329F22C1600586A23 /* Models */ = {
			isa = PBXGroup;
			children = (
				DE99465829F22CD600586A23 /* Models.swift */,
			);
			path = Models;
			sourceTree = "<group>";
		};
		DE99465429F22C1C00586A23 /* ViewModels */ = {
			isa = PBXGroup;
			children = (
				DE99465A29F22CED00586A23 /* ContentModel.swift */,
			);
			path = ViewModels;
			sourceTree = "<group>";
		};
		DE99465529F22C8900586A23 /* Resources */ = {
			isa = PBXGroup;
			children = (
				DE99465D29F22D9500586A23 /* Constants.swift */,
				DE99465E29F22D9500586A23 /* data.json */,
				DE99465C29F22D9500586A23 /* style.html */,
			);
			path = Resources;
			sourceTree = "<group>";
		};
		DE99466229F374D900586A23 /* Custom Views */ = {
			isa = PBXGroup;
			children = (
				DE99466329F3752300586A23 /* RectangleCard.swift */,
				DE99467329F47BBA00586A23 /* TextViewCode.swift */,
				DE99467529F8470300586A23 /* CustomButton.swift */,
			);
			path = "Custom Views";
			sourceTree = "<group>";
		};
		DE99466729F3756D00586A23 /* Content Views */ = {
			isa = PBXGroup;
			children = (
				DE99466929F47B0400586A23 /* ContentView.swift */,
				DE99466B29F47B1200586A23 /* ContentViewRow.swift */,
				DE99466D29F47B2300586A23 /* ContentViewDetail.swift */,
			);
			path = "Content Views";
			sourceTree = "<group>";
		};
		DE99466829F3758B00586A23 /* Test Views */ = {
			isa = PBXGroup;
			children = (
				DE99466F29F47B3400586A23 /* TestView.swift */,
				DE99467129F47B4700586A23 /* TestViewResult.swift */,
			);
			path = "Test Views";
			sourceTree = "<group>";
		};
/* End PBXGroup section */

/* Begin PBXNativeTarget section */
		DE99464029F22BCD00586A23 /* Learning App */ = {
			isa = PBXNativeTarget;
			buildConfigurationList = DE99464F29F22BCD00586A23 /* Build configuration list for PBXNativeTarget "Learning App" */;
			buildPhases = (
				DE99463D29F22BCD00586A23 /* Sources */,
				DE99463E29F22BCD00586A23 /* Frameworks */,
				DE99463F29F22BCD00586A23 /* Resources */,
			);
			buildRules = (
			);
			dependencies = (
			);
			name = "Learning App";
			productName = "Learning App";
			productReference = DE99464129F22BCD00586A23 /* Learning App.app */;
			productType = "com.apple.product-type.application";
		};
/* End PBXNativeTarget section */

/* Begin PBXProject section */
		DE99463929F22BCC00586A23 /* Project object */ = {
			isa = PBXProject;
			attributes = {
				BuildIndependentTargetsInParallel = 1;
				LastSwiftUpdateCheck = 1430;
				LastUpgradeCheck = 1430;
				TargetAttributes = {
					DE99464029F22BCD00586A23 = {
						CreatedOnToolsVersion = 14.3;
					};
				};
			};
			buildConfigurationList = DE99463C29F22BCC00586A23 /* Build configuration list for PBXProject "Learning App" */;
			compatibilityVersion = "Xcode 14.0";
			developmentRegion = en;
			hasScannedForEncodings = 0;
			knownRegions = (
				en,
				Base,
			);
			mainGroup = DE99463829F22BCC00586A23;
			productRefGroup = DE99464229F22BCD00586A23 /* Products */;
			projectDirPath = "";
			projectRoot = "";
			targets = (
				DE99464029F22BCD00586A23 /* Learning App */,
			);
		};
/* End PBXProject section */

/* Begin PBXResourcesBuildPhase section */
		DE99463F29F22BCD00586A23 /* Resources */ = {
			isa = PBXResourcesBuildPhase;
			buildActionMask = 2147483647;
			files = (
				DE99465F29F22D9500586A23 /* style.html in Resources */,
				DE99464C29F22BCD00586A23 /* Preview Assets.xcassets in Resources */,
				DE99464929F22BCD00586A23 /* Assets.xcassets in Resources */,
				DE99466129F22D9500586A23 /* data.json in Resources */,
			);
			runOnlyForDeploymentPostprocessing = 0;
		};
/* End PBXResourcesBuildPhase section */

/* Begin PBXSourcesBuildPhase section */
		DE99463D29F22BCD00586A23 /* Sources */ = {
			isa = PBXSourcesBuildPhase;
			buildActionMask = 2147483647;
			files = (
				DE99466629F3756900586A23 /* HomeViewRow.swift in Sources */,
				DE99467229F47B4700586A23 /* TestViewResult.swift in Sources */,
				DE99466029F22D9500586A23 /* Constants.swift in Sources */,
				DE99467029F47B3400586A23 /* TestView.swift in Sources */,
				DE99467629F8470300586A23 /* CustomButton.swift in Sources */,
				DE99466A29F47B0400586A23 /* ContentView.swift in Sources */,
				DE99465929F22CD600586A23 /* Models.swift in Sources */,
				DE99465B29F22CED00586A23 /* ContentModel.swift in Sources */,
				DE99466E29F47B2300586A23 /* ContentViewDetail.swift in Sources */,
				DE99466C29F47B1200586A23 /* ContentViewRow.swift in Sources */,
				DE99467429F47BBA00586A23 /* TextViewCode.swift in Sources */,
				DE99466429F3752300586A23 /* RectangleCard.swift in Sources */,
				DE99464729F22BCD00586A23 /* HomeView.swift in Sources */,
				DE99464529F22BCD00586A23 /* Learning_App.swift in Sources */,
			);
			runOnlyForDeploymentPostprocessing = 0;
		};
/* End PBXSourcesBuildPhase section */

/* Begin XCBuildConfiguration section */
		DE99464D29F22BCD00586A23 /* Debug */ = {
			isa = XCBuildConfiguration;
			buildSettings = {
				ALWAYS_SEARCH_USER_PATHS = NO;
				CLANG_ANALYZER_NONNULL = YES;
				CLANG_ANALYZER_NUMBER_OBJECT_CONVERSION = YES_AGGRESSIVE;
				CLANG_CXX_LANGUAGE_STANDARD = "gnu++20";
				CLANG_ENABLE_MODULES = YES;
				CLANG_ENABLE_OBJC_ARC = YES;
				CLANG_ENABLE_OBJC_WEAK = YES;
				CLANG_WARN_BLOCK_CAPTURE_AUTORELEASING = YES;
				CLANG_WARN_BOOL_CONVERSION = YES;
				CLANG_WARN_COMMA = YES;
				CLANG_WARN_CONSTANT_CONVERSION = YES;
				CLANG_WARN_DEPRECATED_OBJC_IMPLEMENTATIONS = YES;
				CLANG_WARN_DIRECT_OBJC_ISA_USAGE = YES_ERROR;
				CLANG_WARN_DOCUMENTATION_COMMENTS = YES;
				CLANG_WARN_EMPTY_BODY = YES;
				CLANG_WARN_ENUM_CONVERSION = YES;
				CLANG_WARN_INFINITE_RECURSION = YES;
				CLANG_WARN_INT_CONVERSION = YES;
				CLANG_WARN_NON_LITERAL_NULL_CONVERSION = YES;
				CLANG_WARN_OBJC_IMPLICIT_RETAIN_SELF = YES;
				CLANG_WARN_OBJC_LITERAL_CONVERSION = YES;
				CLANG_WARN_OBJC_ROOT_CLASS = YES_ERROR;
				CLANG_WARN_QUOTED_INCLUDE_IN_FRAMEWORK_HEADER = YES;
				CLANG_WARN_RANGE_LOOP_ANALYSIS = YES;
				CLANG_WARN_STRICT_PROTOTYPES = YES;
				CLANG_WARN_SUSPICIOUS_MOVE = YES;
				CLANG_WARN_UNGUARDED_AVAILABILITY = YES_AGGRESSIVE;
				CLANG_WARN_UNREACHABLE_CODE = YES;
				CLANG_WARN__DUPLICATE_METHOD_MATCH = YES;
				COPY_PHASE_STRIP = NO;
				DEBUG_INFORMATION_FORMAT = dwarf;
				ENABLE_STRICT_OBJC_MSGSEND = YES;
				ENABLE_TESTABILITY = YES;
				GCC_C_LANGUAGE_STANDARD = gnu11;
				GCC_DYNAMIC_NO_PIC = NO;
				GCC_NO_COMMON_BLOCKS = YES;
				GCC_OPTIMIZATION_LEVEL = 0;
				GCC_PREPROCESSOR_DEFINITIONS = (
					"DEBUG=1",
					"$(inherited)",
				);
				GCC_WARN_64_TO_32_BIT_CONVERSION = YES;
				GCC_WARN_ABOUT_RETURN_TYPE = YES_ERROR;
				GCC_WARN_UNDECLARED_SELECTOR = YES;
				GCC_WARN_UNINITIALIZED_AUTOS = YES_AGGRESSIVE;
				GCC_WARN_UNUSED_FUNCTION = YES;
				GCC_WARN_UNUSED_VARIABLE = YES;
				IPHONEOS_DEPLOYMENT_TARGET = 16.4;
				MTL_ENABLE_DEBUG_INFO = INCLUDE_SOURCE;
				MTL_FAST_MATH = YES;
				ONLY_ACTIVE_ARCH = YES;
				SDKROOT = iphoneos;
				SWIFT_ACTIVE_COMPILATION_CONDITIONS = DEBUG;
				SWIFT_OPTIMIZATION_LEVEL = "-Onone";
			};
			name = Debug;
		};
		DE99464E29F22BCD00586A23 /* Release */ = {
			isa = XCBuildConfiguration;
			buildSettings = {
				ALWAYS_SEARCH_USER_PATHS = NO;
				CLANG_ANALYZER_NONNULL = YES;
				CLANG_ANALYZER_NUMBER_OBJECT_CONVERSION = YES_AGGRESSIVE;
				CLANG_CXX_LANGUAGE_STANDARD = "gnu++20";
				CLANG_ENABLE_MODULES = YES;
				CLANG_ENABLE_OBJC_ARC = YES;
				CLANG_ENABLE_OBJC_WEAK = YES;
				CLANG_WARN_BLOCK_CAPTURE_AUTORELEASING = YES;
				CLANG_WARN_BOOL_CONVERSION = YES;
				CLANG_WARN_COMMA = YES;
				CLANG_WARN_CONSTANT_CONVERSION = YES;
				CLANG_WARN_DEPRECATED_OBJC_IMPLEMENTATIONS = YES;
				CLANG_WARN_DIRECT_OBJC_ISA_USAGE = YES_ERROR;
				CLANG_WARN_DOCUMENTATION_COMMENTS = YES;
				CLANG_WARN_EMPTY_BODY = YES;
				CLANG_WARN_ENUM_CONVERSION = YES;
				CLANG_WARN_INFINITE_RECURSION = YES;
				CLANG_WARN_INT_CONVERSION = YES;
				CLANG_WARN_NON_LITERAL_NULL_CONVERSION = YES;
				CLANG_WARN_OBJC_IMPLICIT_RETAIN_SELF = YES;
				CLANG_WARN_OBJC_LITERAL_CONVERSION = YES;
				CLANG_WARN_OBJC_ROOT_CLASS = YES_ERROR;
				CLANG_WARN_QUOTED_INCLUDE_IN_FRAMEWORK_HEADER = YES;
				CLANG_WARN_RANGE_LOOP_ANALYSIS = YES;
				CLANG_WARN_STRICT_PROTOTYPES = YES;
				CLANG_WARN_SUSPICIOUS_MOVE = YES;
				CLANG_WARN_UNGUARDED_AVAILABILITY = YES_AGGRESSIVE;
				CLANG_WARN_UNREACHABLE_CODE = YES;
				CLANG_WARN__DUPLICATE_METHOD_MATCH = YES;
				COPY_PHASE_STRIP = NO;
				DEBUG_INFORMATION_FORMAT = "dwarf-with-dsym";
				ENABLE_NS_ASSERTIONS = NO;
				ENABLE_STRICT_OBJC_MSGSEND = YES;
				GCC_C_LANGUAGE_STANDARD = gnu11;
				GCC_NO_COMMON_BLOCKS = YES;
				GCC_WARN_64_TO_32_BIT_CONVERSION = YES;
				GCC_WARN_ABOUT_RETURN_TYPE = YES_ERROR;
				GCC_WARN_UNDECLARED_SELECTOR = YES;
				GCC_WARN_UNINITIALIZED_AUTOS = YES_AGGRESSIVE;
				GCC_WARN_UNUSED_FUNCTION = YES;
				GCC_WARN_UNUSED_VARIABLE = YES;
				IPHONEOS_DEPLOYMENT_TARGET = 16.4;
				MTL_ENABLE_DEBUG_INFO = NO;
				MTL_FAST_MATH = YES;
				SDKROOT = iphoneos;
				SWIFT_COMPILATION_MODE = wholemodule;
				SWIFT_OPTIMIZATION_LEVEL = "-O";
				VALIDATE_PRODUCT = YES;
			};
			name = Release;
		};
		DE99465029F22BCD00586A23 /* Debug */ = {
			isa = XCBuildConfiguration;
			buildSettings = {
				ASSETCATALOG_COMPILER_APPICON_NAME = AppIcon;
				ASSETCATALOG_COMPILER_GLOBAL_ACCENT_COLOR_NAME = AccentColor;
				CODE_SIGN_STYLE = Automatic;
				CURRENT_PROJECT_VERSION = 1;
				DEVELOPMENT_ASSET_PATHS = "\"Learning App/Preview Content\"";
				DEVELOPMENT_TEAM = 8MCC9LTPL7;
				ENABLE_PREVIEWS = YES;
				GENERATE_INFOPLIST_FILE = YES;
				INFOPLIST_KEY_UIApplicationSceneManifest_Generation = YES;
				INFOPLIST_KEY_UIApplicationSupportsIndirectInputEvents = YES;
				INFOPLIST_KEY_UILaunchScreen_Generation = YES;
				INFOPLIST_KEY_UISupportedInterfaceOrientations_iPad = "UIInterfaceOrientationPortrait UIInterfaceOrientationPortraitUpsideDown UIInterfaceOrientationLandscapeLeft UIInterfaceOrientationLandscapeRight";
				INFOPLIST_KEY_UISupportedInterfaceOrientations_iPhone = "UIInterfaceOrientationPortrait UIInterfaceOrientationLandscapeLeft UIInterfaceOrientationLandscapeRight";
				LD_RUNPATH_SEARCH_PATHS = (
					"$(inherited)",
					"@executable_path/Frameworks",
				);
				MARKETING_VERSION = 1.0;
				PRODUCT_BUNDLE_IDENTIFIER = "com.quevinbambasi.Learning-App";
				PRODUCT_NAME = "$(TARGET_NAME)";
				SWIFT_EMIT_LOC_STRINGS = YES;
				SWIFT_VERSION = 5.0;
				TARGETED_DEVICE_FAMILY = "1,2";
			};
			name = Debug;
		};
		DE99465129F22BCD00586A23 /* Release */ = {
			isa = XCBuildConfiguration;
			buildSettings = {
				ASSETCATALOG_COMPILER_APPICON_NAME = AppIcon;
				ASSETCATALOG_COMPILER_GLOBAL_ACCENT_COLOR_NAME = AccentColor;
				CODE_SIGN_STYLE = Automatic;
				CURRENT_PROJECT_VERSION = 1;
				DEVELOPMENT_ASSET_PATHS = "\"Learning App/Preview Content\"";
				DEVELOPMENT_TEAM = 8MCC9LTPL7;
				ENABLE_PREVIEWS = YES;
				GENERATE_INFOPLIST_FILE = YES;
				INFOPLIST_KEY_UIApplicationSceneManifest_Generation = YES;
				INFOPLIST_KEY_UIApplicationSupportsIndirectInputEvents = YES;
				INFOPLIST_KEY_UILaunchScreen_Generation = YES;
				INFOPLIST_KEY_UISupportedInterfaceOrientations_iPad = "UIInterfaceOrientationPortrait UIInterfaceOrientationPortraitUpsideDown UIInterfaceOrientationLandscapeLeft UIInterfaceOrientationLandscapeRight";
				INFOPLIST_KEY_UISupportedInterfaceOrientations_iPhone = "UIInterfaceOrientationPortrait UIInterfaceOrientationLandscapeLeft UIInterfaceOrientationLandscapeRight";
				LD_RUNPATH_SEARCH_PATHS = (
					"$(inherited)",
					"@executable_path/Frameworks",
				);
				MARKETING_VERSION = 1.0;
				PRODUCT_BUNDLE_IDENTIFIER = "com.quevinbambasi.Learning-App";
				PRODUCT_NAME = "$(TARGET_NAME)";
				SWIFT_EMIT_LOC_STRINGS = YES;
				SWIFT_VERSION = 5.0;
				TARGETED_DEVICE_FAMILY = "1,2";
			};
			name = Release;
		};
/* End XCBuildConfiguration section */

/* Begin XCConfigurationList section */
		DE99463C29F22BCC00586A23 /* Build configuration list for PBXProject "Learning App" */ = {
			isa = XCConfigurationList;
			buildConfigurations = (
				DE99464D29F22BCD00586A23 /* Debug */,
				DE99464E29F22BCD00586A23 /* Release */,
			);
			defaultConfigurationIsVisible = 0;
			defaultConfigurationName = Release;
		};
		DE99464F29F22BCD00586A23 /* Build configuration list for PBXNativeTarget "Learning App" */ = {
			isa = XCConfigurationList;
			buildConfigurations = (
				DE99465029F22BCD00586A23 /* Debug */,
				DE99465129F22BCD00586A23 /* Release */,
			);
			defaultConfigurationIsVisible = 0;
			defaultConfigurationName = Release;
		};
/* End XCConfigurationList section */
	};
	rootObject = DE99463929F22BCC00586A23 /* Project object */;
}
